
Microsoft Visual Studio Solution File, Format Version 12.00
# Visual Studio 15
VisualStudioVersion = 15.0.27428.2043
MinimumVisualStudioVersion = 10.0.40219.1
Project("{9A19103F-16F7-4668-BE54-9A1E7A4F7556}") = "ScrubBot", "ScrubBot\ScrubBot.csproj", "{4D38A019-2913-491B-8305-20536F549DC6}"
EndProject
Project("{9A19103F-16F7-4668-BE54-9A1E7A4F7556}") = "ScrubBot.Database.SQLite", "ScrubBot.Database.SQLite\ScrubBot.Database.SQLite.csproj", "{AA07A988-0AEF-43C0-9F11-5AC9859826A6}"
EndProject
Project("{9A19103F-16F7-4668-BE54-9A1E7A4F7556}") = "ScrubBot.Database.Domain", "ScrubBot.Database.Domain\ScrubBot.Database.Domain.csproj", "{B50987E1-292B-470E-92B0-2EA0D3C6916A}"
EndProject
Project("{9A19103F-16F7-4668-BE54-9A1E7A4F7556}") = "ScrubBot.Core", "ScrubBot.Core\ScrubBot.Core.csproj", "{1BAF8085-0F81-43F7-8CBF-16DD45E4518C}"
EndProject
Project("{9A19103F-16F7-4668-BE54-9A1E7A4F7556}") = "ScrubBot.Managers", "ScrubBot.Managers\ScrubBot.Managers.csproj", "{51760219-3BBA-417C-BDF4-19B5047916EC}"
EndProject
Project("{9A19103F-16F7-4668-BE54-9A1E7A4F7556}") = "ScrubBot.Extensions", "ScrubBot.Extensions\ScrubBot.Extensions.csproj", "{14C952DE-311C-4AB6-907D-5A652FBCFBA8}"
EndProject
Project("{9A19103F-16F7-4668-BE54-9A1E7A4F7556}") = "ScrubBot.Tools", "ScrubBot.Tools\ScrubBot.Tools.csproj", "{127D0A0F-5853-436C-85B7-AFF42CE50050}"
EndProject
Project("{9A19103F-16F7-4668-BE54-9A1E7A4F7556}") = "ScrubBot.Modules", "ScrubBot.Modules\ScrubBot.Modules.csproj", "{B441D3BE-D78D-47CB-91AE-BD4391434387}"
EndProject
Project("{9A19103F-16F7-4668-BE54-9A1E7A4F7556}") = "ScrubBot.Services", "ScrubBot.Services\ScrubBot.Services.csproj", "{72470E91-E09D-45DA-97AF-5274D3DA250D}"
EndProject
Project("{FAE04EC0-301F-11D3-BF4B-00C04F79EFBC}") = "ScrubBot.Core.Commands", "ScrubBot.Core.Commands\ScrubBot.Core.Commands.csproj", "{03984BF7-5900-44AB-BF84-407A8CF330B2}"
EndProject
Global
	GlobalSection(SolutionConfigurationPlatforms) = preSolution
		Debug|Any CPU = Debug|Any CPU
		Release|Any CPU = Release|Any CPU
	EndGlobalSection
	GlobalSection(ProjectConfigurationPlatforms) = postSolution
		{4D38A019-2913-491B-8305-20536F549DC6}.Debug|Any CPU.ActiveCfg = Debug|Any CPU
		{4D38A019-2913-491B-8305-20536F549DC6}.Debug|Any CPU.Build.0 = Debug|Any CPU
		{4D38A019-2913-491B-8305-20536F549DC6}.Release|Any CPU.ActiveCfg = Release|Any CPU
		{4D38A019-2913-491B-8305-20536F549DC6}.Release|Any CPU.Build.0 = Release|Any CPU
		{AA07A988-0AEF-43C0-9F11-5AC9859826A6}.Debug|Any CPU.ActiveCfg = Debug|Any CPU
		{AA07A988-0AEF-43C0-9F11-5AC9859826A6}.Debug|Any CPU.Build.0 = Debug|Any CPU
		{AA07A988-0AEF-43C0-9F11-5AC9859826A6}.Release|Any CPU.ActiveCfg = Release|Any CPU
		{AA07A988-0AEF-43C0-9F11-5AC9859826A6}.Release|Any CPU.Build.0 = Release|Any CPU
		{B50987E1-292B-470E-92B0-2EA0D3C6916A}.Debug|Any CPU.ActiveCfg = Debug|Any CPU
		{B50987E1-292B-470E-92B0-2EA0D3C6916A}.Debug|Any CPU.Build.0 = Debug|Any CPU
		{B50987E1-292B-470E-92B0-2EA0D3C6916A}.Release|Any CPU.ActiveCfg = Release|Any CPU
		{B50987E1-292B-470E-92B0-2EA0D3C6916A}.Release|Any CPU.Build.0 = Release|Any CPU
		{1BAF8085-0F81-43F7-8CBF-16DD45E4518C}.Debug|Any CPU.ActiveCfg = Debug|Any CPU
		{1BAF8085-0F81-43F7-8CBF-16DD45E4518C}.Debug|Any CPU.Build.0 = Debug|Any CPU
		{1BAF8085-0F81-43F7-8CBF-16DD45E4518C}.Release|Any CPU.ActiveCfg = Release|Any CPU
		{1BAF8085-0F81-43F7-8CBF-16DD45E4518C}.Release|Any CPU.Build.0 = Release|Any CPU
		{51760219-3BBA-417C-BDF4-19B5047916EC}.Debug|Any CPU.ActiveCfg = Debug|Any CPU
		{51760219-3BBA-417C-BDF4-19B5047916EC}.Debug|Any CPU.Build.0 = Debug|Any CPU
		{51760219-3BBA-417C-BDF4-19B5047916EC}.Release|Any CPU.ActiveCfg = Release|Any CPU
		{51760219-3BBA-417C-BDF4-19B5047916EC}.Release|Any CPU.Build.0 = Release|Any CPU
		{14C952DE-311C-4AB6-907D-5A652FBCFBA8}.Debug|Any CPU.ActiveCfg = Debug|Any CPU
		{14C952DE-311C-4AB6-907D-5A652FBCFBA8}.Debug|Any CPU.Build.0 = Debug|Any CPU
		{14C952DE-311C-4AB6-907D-5A652FBCFBA8}.Release|Any CPU.ActiveCfg = Release|Any CPU
		{14C952DE-311C-4AB6-907D-5A652FBCFBA8}.Release|Any CPU.Build.0 = Release|Any CPU
		{127D0A0F-5853-436C-85B7-AFF42CE50050}.Debug|Any CPU.ActiveCfg = Debug|Any CPU
		{127D0A0F-5853-436C-85B7-AFF42CE50050}.Debug|Any CPU.Build.0 = Debug|Any CPU
		{127D0A0F-5853-436C-85B7-AFF42CE50050}.Release|Any CPU.ActiveCfg = Release|Any CPU
		{127D0A0F-5853-436C-85B7-AFF42CE50050}.Release|Any CPU.Build.0 = Release|Any CPU
		{B441D3BE-D78D-47CB-91AE-BD4391434387}.Debug|Any CPU.ActiveCfg = Debug|Any CPU
		{B441D3BE-D78D-47CB-91AE-BD4391434387}.Debug|Any CPU.Build.0 = Debug|Any CPU
		{B441D3BE-D78D-47CB-91AE-BD4391434387}.Release|Any CPU.ActiveCfg = Release|Any CPU
		{B441D3BE-D78D-47CB-91AE-BD4391434387}.Release|Any CPU.Build.0 = Release|Any CPU
		{72470E91-E09D-45DA-97AF-5274D3DA250D}.Debug|Any CPU.ActiveCfg = Debug|Any CPU
		{72470E91-E09D-45DA-97AF-5274D3DA250D}.Debug|Any CPU.Build.0 = Debug|Any CPU
		{72470E91-E09D-45DA-97AF-5274D3DA250D}.Release|Any CPU.ActiveCfg = Release|Any CPU
		{72470E91-E09D-45DA-97AF-5274D3DA250D}.Release|Any CPU.Build.0 = Release|Any CPU
		{03984BF7-5900-44AB-BF84-407A8CF330B2}.Debug|Any CPU.ActiveCfg = Debug|Any CPU
		{03984BF7-5900-44AB-BF84-407A8CF330B2}.Debug|Any CPU.Build.0 = Debug|Any CPU
		{03984BF7-5900-44AB-BF84-407A8CF330B2}.Release|Any CPU.ActiveCfg = Release|Any CPU
		{03984BF7-5900-44AB-BF84-407A8CF330B2}.Release|Any CPU.Build.0 = Release|Any CPU
	EndGlobalSection
	GlobalSection(SolutionProperties) = preSolution
		HideSolutionNode = FALSE
	EndGlobalSection
	GlobalSection(ExtensibilityGlobals) = postSolution
		SolutionGuid = {D45DFF04-3E36-4171-9371-4BA18082EDA5}
	EndGlobalSection
EndGlobal
